
Microsoft Visual Studio Solution File, Format Version 12.00
# Visual Studio Version 16
VisualStudioVersion = 16.0.29306.81
MinimumVisualStudioVersion = 10.0.40219.1
Project("{FAE04EC0-301F-11D3-BF4B-00C04F79EFBC}") = "AspWebApp2", "AspWebApp2\AspWebApp2.csproj", "{71B5EB74-ACFC-4B12-ADD7-C05170652BEF}"
EndProject
Global
	GlobalSection(SolutionConfigurationPlatforms) = preSolution
		Debug|Any CPU = Debug|Any CPU
		Release|Any CPU = Release|Any CPU
	EndGlobalSection
	GlobalSection(ProjectConfigurationPlatforms) = postSolution
		{71B5EB74-ACFC-4B12-ADD7-C05170652BEF}.Debug|Any CPU.ActiveCfg = Debug|Any CPU
		{71B5EB74-ACFC-4B12-ADD7-C05170652BEF}.Debug|Any CPU.Build.0 = Debug|Any CPU
		{71B5EB74-ACFC-4B12-ADD7-C05170652BEF}.Release|Any CPU.ActiveCfg = Release|Any CPU
		{71B5EB74-ACFC-4B12-ADD7-C05170652BEF}.Release|Any CPU.Build.0 = Release|Any CPU
	EndGlobalSection
	GlobalSection(SolutionProperties) = preSolution
		HideSolutionNode = FALSE
	EndGlobalSection
	GlobalSection(ExtensibilityGlobals) = postSolution
		SolutionGuid = {153BA703-05C5-4852-BEA6-FAD97F2A1235}
	EndGlobalSection
EndGlobal
